// !$*UTF8*$!
{
	archiveVersion = 1;
	classes = {
	};
	objectVersion = 50;
	objects = {

/* Begin PBXBuildFile section */
		B33B9E2C23C1D4A8003FB728 /* AppDelegate.swift in Sources */ = {isa = PBXBuildFile; fileRef = B33B9E2B23C1D4A8003FB728 /* AppDelegate.swift */; };
		B33B9E2E23C1D4A8003FB728 /* SceneDelegate.swift in Sources */ = {isa = PBXBuildFile; fileRef = B33B9E2D23C1D4A8003FB728 /* SceneDelegate.swift */; };
		B33B9E3023C1D4A8003FB728 /* CurrentWeatherViewController.swift in Sources */ = {isa = PBXBuildFile; fileRef = B33B9E2F23C1D4A8003FB728 /* CurrentWeatherViewController.swift */; };
		B33B9E3323C1D4A8003FB728 /* Main.storyboard in Resources */ = {isa = PBXBuildFile; fileRef = B33B9E3123C1D4A8003FB728 /* Main.storyboard */; };
		B33B9E3523C1D4AB003FB728 /* Assets.xcassets in Resources */ = {isa = PBXBuildFile; fileRef = B33B9E3423C1D4AB003FB728 /* Assets.xcassets */; };
		B33B9E3823C1D4AB003FB728 /* LaunchScreen.storyboard in Resources */ = {isa = PBXBuildFile; fileRef = B33B9E3623C1D4AB003FB728 /* LaunchScreen.storyboard */; };
		B33B9E4423C1D67D003FB728 /* WeatherManager.swift in Sources */ = {isa = PBXBuildFile; fileRef = B33B9E4323C1D67D003FB728 /* WeatherManager.swift */; };
		B3A2B09223C32E9F00D2F3C8 /* LiveWeatherData.swift in Sources */ = {isa = PBXBuildFile; fileRef = B3A2B09123C32E9F00D2F3C8 /* LiveWeatherData.swift */; };
		B3A2B09423C32FF200D2F3C8 /* LiveWeatherModel.swift in Sources */ = {isa = PBXBuildFile; fileRef = B3A2B09323C32FF200D2F3C8 /* LiveWeatherModel.swift */; };
/* End PBXBuildFile section */

/* Begin PBXFileReference section */
		B33B9E2823C1D4A8003FB728 /* Sunnyful.app */ = {isa = PBXFileReference; explicitFileType = wrapper.application; includeInIndex = 0; path = Sunnyful.app; sourceTree = BUILT_PRODUCTS_DIR; };
		B33B9E2B23C1D4A8003FB728 /* AppDelegate.swift */ = {isa = PBXFileReference; lastKnownFileType = sourcecode.swift; path = AppDelegate.swift; sourceTree = "<group>"; };
		B33B9E2D23C1D4A8003FB728 /* SceneDelegate.swift */ = {isa = PBXFileReference; lastKnownFileType = sourcecode.swift; path = SceneDelegate.swift; sourceTree = "<group>"; };
		B33B9E2F23C1D4A8003FB728 /* CurrentWeatherViewController.swift */ = {isa = PBXFileReference; lastKnownFileType = sourcecode.swift; path = CurrentWeatherViewController.swift; sourceTree = "<group>"; };
		B33B9E3223C1D4A8003FB728 /* Base */ = {isa = PBXFileReference; lastKnownFileType = file.storyboard; name = Base; path = Base.lproj/Main.storyboard; sourceTree = "<group>"; };
		B33B9E3423C1D4AB003FB728 /* Assets.xcassets */ = {isa = PBXFileReference; lastKnownFileType = folder.assetcatalog; path = Assets.xcassets; sourceTree = "<group>"; };
		B33B9E3723C1D4AB003FB728 /* Base */ = {isa = PBXFileReference; lastKnownFileType = file.storyboard; name = Base; path = Base.lproj/LaunchScreen.storyboard; sourceTree = "<group>"; };
		B33B9E3923C1D4AC003FB728 /* Info.plist */ = {isa = PBXFileReference; lastKnownFileType = text.plist.xml; path = Info.plist; sourceTree = "<group>"; };
		B33B9E4323C1D67D003FB728 /* WeatherManager.swift */ = {isa = PBXFileReference; lastKnownFileType = sourcecode.swift; path = WeatherManager.swift; sourceTree = "<group>"; };
		B3A2B09123C32E9F00D2F3C8 /* LiveWeatherData.swift */ = {isa = PBXFileReference; lastKnownFileType = sourcecode.swift; path = LiveWeatherData.swift; sourceTree = "<group>"; };
		B3A2B09323C32FF200D2F3C8 /* LiveWeatherModel.swift */ = {isa = PBXFileReference; lastKnownFileType = sourcecode.swift; path = LiveWeatherModel.swift; sourceTree = "<group>"; };
/* End PBXFileReference section */

/* Begin PBXFrameworksBuildPhase section */
		B33B9E2523C1D4A8003FB728 /* Frameworks */ = {
			isa = PBXFrameworksBuildPhase;
			buildActionMask = 2147483647;
			files = (
			);
			runOnlyForDeploymentPostprocessing = 0;
		};
/* End PBXFrameworksBuildPhase section */

/* Begin PBXGroup section */
		B33B9E1F23C1D4A8003FB728 = {
			isa = PBXGroup;
			children = (
				B33B9E2A23C1D4A8003FB728 /* Sunnyful */,
				B33B9E2923C1D4A8003FB728 /* Products */,
			);
			sourceTree = "<group>";
		};
		B33B9E2923C1D4A8003FB728 /* Products */ = {
			isa = PBXGroup;
			children = (
				B33B9E2823C1D4A8003FB728 /* Sunnyful.app */,
			);
			name = Products;
			sourceTree = "<group>";
		};
		B33B9E2A23C1D4A8003FB728 /* Sunnyful */ = {
			isa = PBXGroup;
			children = (
				B33B9E2B23C1D4A8003FB728 /* AppDelegate.swift */,
				B33B9E2D23C1D4A8003FB728 /* SceneDelegate.swift */,
				B33B9E4223C1D5EF003FB728 /* Model */,
				B33B9E3F23C1D5C3003FB728 /* View */,
				B33B9E4123C1D5E1003FB728 /* Controller */,
				B33B9E4023C1D5CE003FB728 /* Supporting Files */,
				B33B9E3923C1D4AC003FB728 /* Info.plist */,
			);
			path = Sunnyful;
			sourceTree = "<group>";
		};
		B33B9E3F23C1D5C3003FB728 /* View */ = {
			isa = PBXGroup;
			children = (
				B33B9E3123C1D4A8003FB728 /* Main.storyboard */,
			);
			path = View;
			sourceTree = "<group>";
		};
		B33B9E4023C1D5CE003FB728 /* Supporting Files */ = {
			isa = PBXGroup;
			children = (
				B33B9E3423C1D4AB003FB728 /* Assets.xcassets */,
				B33B9E3623C1D4AB003FB728 /* LaunchScreen.storyboard */,
			);
			path = "Supporting Files";
			sourceTree = "<group>";
		};
		B33B9E4123C1D5E1003FB728 /* Controller */ = {
			isa = PBXGroup;
			children = (
				B33B9E2F23C1D4A8003FB728 /* CurrentWeatherViewController.swift */,
			);
			path = Controller;
			sourceTree = "<group>";
		};
		B33B9E4223C1D5EF003FB728 /* Model */ = {
			isa = PBXGroup;
			children = (
				B33B9E4323C1D67D003FB728 /* WeatherManager.swift */,
				B3A2B09123C32E9F00D2F3C8 /* LiveWeatherData.swift */,
				B3A2B09323C32FF200D2F3C8 /* LiveWeatherModel.swift */,
			);
			path = Model;
			sourceTree = "<group>";
		};
/* End PBXGroup section */

/* Begin PBXNativeTarget section */
		B33B9E2723C1D4A8003FB728 /* Sunnyful */ = {
			isa = PBXNativeTarget;
			buildConfigurationList = B33B9E3C23C1D4AC003FB728 /* Build configuration list for PBXNativeTarget "Sunnyful" */;
			buildPhases = (
				B33B9E2423C1D4A8003FB728 /* Sources */,
				B33B9E2523C1D4A8003FB728 /* Frameworks */,
				B33B9E2623C1D4A8003FB728 /* Resources */,
			);
			buildRules = (
			);
			dependencies = (
			);
			name = Sunnyful;
			productName = Sunnyful;
			productReference = B33B9E2823C1D4A8003FB728 /* Sunnyful.app */;
			productType = "com.apple.product-type.application";
		};
/* End PBXNativeTarget section */

/* Begin PBXProject section */
		B33B9E2023C1D4A8003FB728 /* Project object */ = {
			isa = PBXProject;
			attributes = {
				LastSwiftUpdateCheck = 1130;
				LastUpgradeCheck = 1130;
				ORGANIZATIONNAME = leo;
				TargetAttributes = {
					B33B9E2723C1D4A8003FB728 = {
						CreatedOnToolsVersion = 11.3;
					};
				};
			};
			buildConfigurationList = B33B9E2323C1D4A8003FB728 /* Build configuration list for PBXProject "Sunnyful" */;
			compatibilityVersion = "Xcode 9.3";
			developmentRegion = en;
			hasScannedForEncodings = 0;
			knownRegions = (
				en,
				Base,
			);
			mainGroup = B33B9E1F23C1D4A8003FB728;
			productRefGroup = B33B9E2923C1D4A8003FB728 /* Products */;
			projectDirPath = "";
			projectRoot = "";
			targets = (
				B33B9E2723C1D4A8003FB728 /* Sunnyful */,
			);
		};
/* End PBXProject section */

/* Begin PBXResourcesBuildPhase section */
		B33B9E2623C1D4A8003FB728 /* Resources */ = {
			isa = PBXResourcesBuildPhase;
			buildActionMask = 2147483647;
			files = (
				B33B9E3823C1D4AB003FB728 /* LaunchScreen.storyboard in Resources */,
				B33B9E3523C1D4AB003FB728 /* Assets.xcassets in Resources */,
				B33B9E3323C1D4A8003FB728 /* Main.storyboard in Resources */,
			);
			runOnlyForDeploymentPostprocessing = 0;
		};
/* End PBXResourcesBuildPhase section */

/* Begin PBXSourcesBuildPhase section */
		B33B9E2423C1D4A8003FB728 /* Sources */ = {
			isa = PBXSourcesBuildPhase;
			buildActionMask = 2147483647;
			files = (
				B33B9E3023C1D4A8003FB728 /* CurrentWeatherViewController.swift in Sources */,
				B33B9E2C23C1D4A8003FB728 /* AppDelegate.swift in Sources */,
				B3A2B09423C32FF200D2F3C8 /* LiveWeatherModel.swift in Sources */,
				B33B9E4423C1D67D003FB728 /* WeatherManager.swift in Sources */,
				B33B9E2E23C1D4A8003FB728 /* SceneDelegate.swift in Sources */,
				B3A2B09223C32E9F00D2F3C8 /* LiveWeatherData.swift in Sources */,
			);
			runOnlyForDeploymentPostprocessing = 0;
		};
/* End PBXSourcesBuildPhase section */

/* Begin PBXVariantGroup section */
		B33B9E3123C1D4A8003FB728 /* Main.storyboard */ = {
			isa = PBXVariantGroup;
			children = (
				B33B9E3223C1D4A8003FB728 /* Base */,
			);
			name = Main.storyboard;
			sourceTree = "<group>";
		};
		B33B9E3623C1D4AB003FB728 /* LaunchScreen.storyboard */ = {
			isa = PBXVariantGroup;
			children = (
				B33B9E3723C1D4AB003FB728 /* Base */,
			);
			name = LaunchScreen.storyboard;
			sourceTree = "<group>";
		};
/* End PBXVariantGroup section */

/* Begin XCBuildConfiguration section */
		B33B9E3A23C1D4AC003FB728 /* Debug */ = {
			isa = XCBuildConfiguration;
			buildSettings = {
				ALWAYS_SEARCH_USER_PATHS = NO;
				CLANG_ANALYZER_NONNULL = YES;
				CLANG_ANALYZER_NUMBER_OBJECT_CONVERSION = YES_AGGRESSIVE;
				CLANG_CXX_LANGUAGE_STANDARD = "gnu++14";
				CLANG_CXX_LIBRARY = "libc++";
				CLANG_ENABLE_MODULES = YES;
				CLANG_ENABLE_OBJC_ARC = YES;
				CLANG_ENABLE_OBJC_WEAK = YES;
				CLANG_WARN_BLOCK_CAPTURE_AUTORELEASING = YES;
				CLANG_WARN_BOOL_CONVERSION = YES;
				CLANG_WARN_COMMA = YES;
				CLANG_WARN_CONSTANT_CONVERSION = YES;
				CLANG_WARN_DEPRECATED_OBJC_IMPLEMENTATIONS = YES;
				CLANG_WARN_DIRECT_OBJC_ISA_USAGE = YES_ERROR;
				CLANG_WARN_DOCUMENTATION_COMMENTS = YES;
				CLANG_WARN_EMPTY_BODY = YES;
				CLANG_WARN_ENUM_CONVERSION = YES;
				CLANG_WARN_INFINITE_RECURSION = YES;
				CLANG_WARN_INT_CONVERSION = YES;
				CLANG_WARN_NON_LITERAL_NULL_CONVERSION = YES;
				CLANG_WARN_OBJC_IMPLICIT_RETAIN_SELF = YES;
				CLANG_WARN_OBJC_LITERAL_CONVERSION = YES;
				CLANG_WARN_OBJC_ROOT_CLASS = YES_ERROR;
				CLANG_WARN_RANGE_LOOP_ANALYSIS = YES;
				CLANG_WARN_STRICT_PROTOTYPES = YES;
				CLANG_WARN_SUSPICIOUS_MOVE = YES;
				CLANG_WARN_UNGUARDED_AVAILABILITY = YES_AGGRESSIVE;
				CLANG_WARN_UNREACHABLE_CODE = YES;
				CLANG_WARN__DUPLICATE_METHOD_MATCH = YES;
				COPY_PHASE_STRIP = NO;
				DEBUG_INFORMATION_FORMAT = dwarf;
				ENABLE_STRICT_OBJC_MSGSEND = YES;
				ENABLE_TESTABILITY = YES;
				GCC_C_LANGUAGE_STANDARD = gnu11;
				GCC_DYNAMIC_NO_PIC = NO;
				GCC_NO_COMMON_BLOCKS = YES;
				GCC_OPTIMIZATION_LEVEL = 0;
				GCC_PREPROCESSOR_DEFINITIONS = (
					"DEBUG=1",
					"$(inherited)",
				);
				GCC_WARN_64_TO_32_BIT_CONVERSION = YES;
				GCC_WARN_ABOUT_RETURN_TYPE = YES_ERROR;
				GCC_WARN_UNDECLARED_SELECTOR = YES;
				GCC_WARN_UNINITIALIZED_AUTOS = YES_AGGRESSIVE;
				GCC_WARN_UNUSED_FUNCTION = YES;
				GCC_WARN_UNUSED_VARIABLE = YES;
				IPHONEOS_DEPLOYMENT_TARGET = 13.2;
				MTL_ENABLE_DEBUG_INFO = INCLUDE_SOURCE;
				MTL_FAST_MATH = YES;
				ONLY_ACTIVE_ARCH = YES;
				SDKROOT = iphoneos;
				SWIFT_ACTIVE_COMPILATION_CONDITIONS = DEBUG;
				SWIFT_OPTIMIZATION_LEVEL = "-Onone";
			};
			name = Debug;
		};
		B33B9E3B23C1D4AC003FB728 /* Release */ = {
			isa = XCBuildConfiguration;
			buildSettings = {
				ALWAYS_SEARCH_USER_PATHS = NO;
				CLANG_ANALYZER_NONNULL = YES;
				CLANG_ANALYZER_NUMBER_OBJECT_CONVERSION = YES_AGGRESSIVE;
				CLANG_CXX_LANGUAGE_STANDARD = "gnu++14";
				CLANG_CXX_LIBRARY = "libc++";
				CLANG_ENABLE_MODULES = YES;
				CLANG_ENABLE_OBJC_ARC = YES;
				CLANG_ENABLE_OBJC_WEAK = YES;
				CLANG_WARN_BLOCK_CAPTURE_AUTORELEASING = YES;
				CLANG_WARN_BOOL_CONVERSION = YES;
				CLANG_WARN_COMMA = YES;
				CLANG_WARN_CONSTANT_CONVERSION = YES;
				CLANG_WARN_DEPRECATED_OBJC_IMPLEMENTATIONS = YES;
				CLANG_WARN_DIRECT_OBJC_ISA_USAGE = YES_ERROR;
				CLANG_WARN_DOCUMENTATION_COMMENTS = YES;
				CLANG_WARN_EMPTY_BODY = YES;
				CLANG_WARN_ENUM_CONVERSION = YES;
				CLANG_WARN_INFINITE_RECURSION = YES;
				CLANG_WARN_INT_CONVERSION = YES;
				CLANG_WARN_NON_LITERAL_NULL_CONVERSION = YES;
				CLANG_WARN_OBJC_IMPLICIT_RETAIN_SELF = YES;
				CLANG_WARN_OBJC_LITERAL_CONVERSION = YES;
				CLANG_WARN_OBJC_ROOT_CLASS = YES_ERROR;
				CLANG_WARN_RANGE_LOOP_ANALYSIS = YES;
				CLANG_WARN_STRICT_PROTOTYPES = YES;
				CLANG_WARN_SUSPICIOUS_MOVE = YES;
				CLANG_WARN_UNGUARDED_AVAILABILITY = YES_AGGRESSIVE;
				CLANG_WARN_UNREACHABLE_CODE = YES;
				CLANG_WARN__DUPLICATE_METHOD_MATCH = YES;
				COPY_PHASE_STRIP = NO;
				DEBUG_INFORMATION_FORMAT = "dwarf-with-dsym";
				ENABLE_NS_ASSERTIONS = NO;
				ENABLE_STRICT_OBJC_MSGSEND = YES;
				GCC_C_LANGUAGE_STANDARD = gnu11;
				GCC_NO_COMMON_BLOCKS = YES;
				GCC_WARN_64_TO_32_BIT_CONVERSION = YES;
				GCC_WARN_ABOUT_RETURN_TYPE = YES_ERROR;
				GCC_WARN_UNDECLARED_SELECTOR = YES;
				GCC_WARN_UNINITIALIZED_AUTOS = YES_AGGRESSIVE;
				GCC_WARN_UNUSED_FUNCTION = YES;
				GCC_WARN_UNUSED_VARIABLE = YES;
				IPHONEOS_DEPLOYMENT_TARGET = 13.2;
				MTL_ENABLE_DEBUG_INFO = NO;
				MTL_FAST_MATH = YES;
				SDKROOT = iphoneos;
				SWIFT_COMPILATION_MODE = wholemodule;
				SWIFT_OPTIMIZATION_LEVEL = "-O";
				VALIDATE_PRODUCT = YES;
			};
			name = Release;
		};
		B33B9E3D23C1D4AC003FB728 /* Debug */ = {
			isa = XCBuildConfiguration;
			buildSettings = {
				ASSETCATALOG_COMPILER_APPICON_NAME = AppIcon;
				CODE_SIGN_STYLE = Automatic;
				DEVELOPMENT_TEAM = LH3584V66D;
				INFOPLIST_FILE = Sunnyful/Info.plist;
				LD_RUNPATH_SEARCH_PATHS = (
					"$(inherited)",
					"@executable_path/Frameworks",
				);
				PRODUCT_BUNDLE_IDENTIFIER = com.u2ful.Sunnyful;
				PRODUCT_NAME = "$(TARGET_NAME)";
				SWIFT_VERSION = 5.0;
				TARGETED_DEVICE_FAMILY = "1,2";
			};
			name = Debug;
		};
		B33B9E3E23C1D4AC003FB728 /* Release */ = {
			isa = XCBuildConfiguration;
			buildSettings = {
				ASSETCATALOG_COMPILER_APPICON_NAME = AppIcon;
				CODE_SIGN_STYLE = Automatic;
				DEVELOPMENT_TEAM = LH3584V66D;
				INFOPLIST_FILE = Sunnyful/Info.plist;
				LD_RUNPATH_SEARCH_PATHS = (
					"$(inherited)",
					"@executable_path/Frameworks",
				);
				PRODUCT_BUNDLE_IDENTIFIER = com.u2ful.Sunnyful;
				PRODUCT_NAME = "$(TARGET_NAME)";
				SWIFT_VERSION = 5.0;
				TARGETED_DEVICE_FAMILY = "1,2";
			};
			name = Release;
		};
/* End XCBuildConfiguration section */

/* Begin XCConfigurationList section */
		B33B9E2323C1D4A8003FB728 /* Build configuration list for PBXProject "Sunnyful" */ = {
			isa = XCConfigurationList;
			buildConfigurations = (
				B33B9E3A23C1D4AC003FB728 /* Debug */,
				B33B9E3B23C1D4AC003FB728 /* Release */,
			);
			defaultConfigurationIsVisible = 0;
			defaultConfigurationName = Release;
		};
		B33B9E3C23C1D4AC003FB728 /* Build configuration list for PBXNativeTarget "Sunnyful" */ = {
			isa = XCConfigurationList;
			buildConfigurations = (
				B33B9E3D23C1D4AC003FB728 /* Debug */,
				B33B9E3E23C1D4AC003FB728 /* Release */,
			);
			defaultConfigurationIsVisible = 0;
			defaultConfigurationName = Release;
		};
/* End XCConfigurationList section */
	};
	rootObject = B33B9E2023C1D4A8003FB728 /* Project object */;
}
